
Microsoft Visual Studio Solution File, Format Version 12.00
# Visual Studio Version 17
VisualStudioVersion = 17.2.32505.173
MinimumVisualStudioVersion = 10.0.40219.1
Project("{9A19103F-16F7-4668-BE54-9A1E7A4F7556}") = "DLAPNET", "DLAPNET\DLAPNET.csproj", "{6BA7366B-6032-4450-AD60-06511C2F9F23}"
EndProject
Project("{FAE04EC0-301F-11D3-BF4B-00C04F79EFBC}") = "FmpDiscordBackend", "FmpDiscordBackend\FmpDiscordBackend.csproj", "{90F68E51-3763-4A1E-8410-C5E3E9FB21E0}"
EndProject
Global
	GlobalSection(SolutionConfigurationPlatforms) = preSolution
		Debug|Any CPU = Debug|Any CPU
		Release|Any CPU = Release|Any CPU
	EndGlobalSection
	GlobalSection(ProjectConfigurationPlatforms) = postSolution
		{6BA7366B-6032-4450-AD60-06511C2F9F23}.Debug|Any CPU.ActiveCfg = Debug|Any CPU
		{6BA7366B-6032-4450-AD60-06511C2F9F23}.Debug|Any CPU.Build.0 = Debug|Any CPU
		{6BA7366B-6032-4450-AD60-06511C2F9F23}.Release|Any CPU.ActiveCfg = Release|Any CPU
		{6BA7366B-6032-4450-AD60-06511C2F9F23}.Release|Any CPU.Build.0 = Release|Any CPU
		{90F68E51-3763-4A1E-8410-C5E3E9FB21E0}.Debug|Any CPU.ActiveCfg = Debug|Any CPU
		{90F68E51-3763-4A1E-8410-C5E3E9FB21E0}.Debug|Any CPU.Build.0 = Debug|Any CPU
		{90F68E51-3763-4A1E-8410-C5E3E9FB21E0}.Release|Any CPU.ActiveCfg = Release|Any CPU
		{90F68E51-3763-4A1E-8410-C5E3E9FB21E0}.Release|Any CPU.Build.0 = Release|Any CPU
	EndGlobalSection
	GlobalSection(SolutionProperties) = preSolution
		HideSolutionNode = FALSE
	EndGlobalSection
	GlobalSection(ExtensibilityGlobals) = postSolution
		SolutionGuid = {E4A7FAA1-4F07-4F9B-B1DE-5CA94B25EA3D}
	EndGlobalSection
EndGlobal
